<Solution>
  <Folder Name="/src/">
    <Project Path="src/SentinelQA.Api/SentinelQA.Api.csproj" />
    <Project Path="src/SentinelQA.Application/SentinelQA.Application.csproj" />
    <Project Path="src/SentinelQA.Contracts/SentinelQA.Contracts.csproj" />
    <Project Path="src/SentinelQA.Domain/SentinelQA.Domain.csproj" />
    <Project Path="src/SentinelQA.Infrastructure/SentinelQA.Infrastructure.csproj" />
  </Folder>
  <Folder Name="/src/Modules/">
    <Project Path="src/Modules/SentinelQA.Modules.Ai/SentinelQA.Modules.Ai.csproj" />
    <Project Path="src/Modules/SentinelQA.Modules.Audit/SentinelQA.Modules.Audit.csproj" />
    <Project Path="src/Modules/SentinelQA.Modules.ChangeManagement/SentinelQA.Modules.ChangeManagement.csproj" />
    <Project Path="src/Modules/SentinelQA.Modules.Defects/SentinelQA.Modules.Defects.csproj" />
    <Project Path="src/Modules/SentinelQA.Modules.Firewalls/SentinelQA.Modules.Firewalls.csproj" />
    <Project Path="src/Modules/SentinelQA.Modules.Identity/SentinelQA.Modules.Identity.csproj" />
    <Project Path="src/Modules/SentinelQA.Modules.Networks/SentinelQA.Modules.Networks.csproj" />
    <Project Path="src/Modules/SentinelQA.Modules.Notifications/SentinelQA.Modules.Notifications.csproj" />
    <Project Path="src/Modules/SentinelQA.Modules.Policies/SentinelQA.Modules.Policies.csproj" />
    <Project Path="src/Modules/SentinelQA.Modules.Tenants/SentinelQA.Modules.Tenants.csproj" />
    <Project Path="src/Modules/SentinelQA.Modules.Testing/SentinelQA.Modules.Testing.csproj" />
  </Folder>
  <Folder Name="/tests/">
    <Project Path="tests/SentinelQA.ApiTests/SentinelQA.ApiTests.csproj" />
    <Project Path="tests/SentinelQA.ContractTests/SentinelQA.ContractTests.csproj" />
    <Project Path="tests/SentinelQA.E2ETests/SentinelQA.E2ETests.csproj" />
    <Project Path="tests/SentinelQA.IntegrationTests/SentinelQA.IntegrationTests.csproj" />
    <Project Path="tests/SentinelQA.MutationTests/SentinelQA.MutationTests.csproj" />
    <Project Path="tests/SentinelQA.PerformanceTests/SentinelQA.PerformanceTests.csproj" />
    <Project Path="tests/SentinelQA.UnitTests/SentinelQA.UnitTests.csproj" />
  </Folder>
</Solution>
